
Microsoft Visual Studio Solution File, Format Version 12.00
# Visual Studio 15
VisualStudioVersion = 15.0.27428.2037
MinimumVisualStudioVersion = 10.0.40219.1
Project("{9A19103F-16F7-4668-BE54-9A1E7A4F7556}") = "Headless.ServicePlatform.Api", "Headless.ServicePlatform.Api\Headless.ServicePlatform.Api.csproj", "{CF3F62B4-17C9-40EE-B768-52286A4437F8}"
EndProject
Project("{9A19103F-16F7-4668-BE54-9A1E7A4F7556}") = "Headless.ServicePlatform.Infrastructure", "Headless.ServicePlatform.Infrastructure\Headless.ServicePlatform.Infrastructure.csproj", "{262B1E4C-CE45-48C9-959F-31D00B6E5A0E}"
EndProject
Project("{9A19103F-16F7-4668-BE54-9A1E7A4F7556}") = "Headless.ServicePlatform.Api.Contentful", "Headless.ServicePlatform.Api.Contentful\Headless.ServicePlatform.Api.Contentful.csproj", "{5515EEF4-C30E-48E5-8D83-674B3BC28DDE}"
EndProject
Project("{9A19103F-16F7-4668-BE54-9A1E7A4F7556}") = "Headless.ServicePlatform.Api.Moltin", "Headless.ServicePlatform.Api.Moltin\Headless.ServicePlatform.Api.Moltin.csproj", "{B34B876E-6F3D-40D6-A402-8A059413713A}"
EndProject
Project("{FAE04EC0-301F-11D3-BF4B-00C04F79EFBC}") = "Headless.ServicePlatform.Api.RESTCountries", "Headless.ServicePlatform.Api.RESTCountries\Headless.ServicePlatform.Api.RESTCountries.csproj", "{0378E412-9EB3-4B05-A41D-80A2FDACC590}"
EndProject
Project("{2150E333-8FDC-42A3-9474-1A3956D46DE8}") = "Tests", "Tests", "{ADC10EB6-A0AB-4BBE-9083-4889BA4EDB3C}"
EndProject
Project("{FAE04EC0-301F-11D3-BF4B-00C04F79EFBC}") = "Headless.ServicePlatform.Tests.ApiIntegration", "Headless.ServicePlatform.Tests.ApiIntegration\Headless.ServicePlatform.Tests.ApiIntegration.csproj", "{48EB44C6-6258-4177-B588-34BC827A315E}"
EndProject
Global
	GlobalSection(SolutionConfigurationPlatforms) = preSolution
		Debug|Any CPU = Debug|Any CPU
		Release|Any CPU = Release|Any CPU
	EndGlobalSection
	GlobalSection(ProjectConfigurationPlatforms) = postSolution
		{CF3F62B4-17C9-40EE-B768-52286A4437F8}.Debug|Any CPU.ActiveCfg = Debug|Any CPU
		{CF3F62B4-17C9-40EE-B768-52286A4437F8}.Debug|Any CPU.Build.0 = Debug|Any CPU
		{CF3F62B4-17C9-40EE-B768-52286A4437F8}.Release|Any CPU.ActiveCfg = Release|Any CPU
		{CF3F62B4-17C9-40EE-B768-52286A4437F8}.Release|Any CPU.Build.0 = Release|Any CPU
		{262B1E4C-CE45-48C9-959F-31D00B6E5A0E}.Debug|Any CPU.ActiveCfg = Debug|Any CPU
		{262B1E4C-CE45-48C9-959F-31D00B6E5A0E}.Debug|Any CPU.Build.0 = Debug|Any CPU
		{262B1E4C-CE45-48C9-959F-31D00B6E5A0E}.Release|Any CPU.ActiveCfg = Release|Any CPU
		{262B1E4C-CE45-48C9-959F-31D00B6E5A0E}.Release|Any CPU.Build.0 = Release|Any CPU
		{5515EEF4-C30E-48E5-8D83-674B3BC28DDE}.Debug|Any CPU.ActiveCfg = Debug|Any CPU
		{5515EEF4-C30E-48E5-8D83-674B3BC28DDE}.Debug|Any CPU.Build.0 = Debug|Any CPU
		{5515EEF4-C30E-48E5-8D83-674B3BC28DDE}.Release|Any CPU.ActiveCfg = Release|Any CPU
		{5515EEF4-C30E-48E5-8D83-674B3BC28DDE}.Release|Any CPU.Build.0 = Release|Any CPU
		{B34B876E-6F3D-40D6-A402-8A059413713A}.Debug|Any CPU.ActiveCfg = Debug|Any CPU
		{B34B876E-6F3D-40D6-A402-8A059413713A}.Debug|Any CPU.Build.0 = Debug|Any CPU
		{B34B876E-6F3D-40D6-A402-8A059413713A}.Release|Any CPU.ActiveCfg = Release|Any CPU
		{B34B876E-6F3D-40D6-A402-8A059413713A}.Release|Any CPU.Build.0 = Release|Any CPU
		{0378E412-9EB3-4B05-A41D-80A2FDACC590}.Debug|Any CPU.ActiveCfg = Debug|Any CPU
		{0378E412-9EB3-4B05-A41D-80A2FDACC590}.Debug|Any CPU.Build.0 = Debug|Any CPU
		{0378E412-9EB3-4B05-A41D-80A2FDACC590}.Release|Any CPU.ActiveCfg = Release|Any CPU
		{0378E412-9EB3-4B05-A41D-80A2FDACC590}.Release|Any CPU.Build.0 = Release|Any CPU
		{48EB44C6-6258-4177-B588-34BC827A315E}.Debug|Any CPU.ActiveCfg = Debug|Any CPU
		{48EB44C6-6258-4177-B588-34BC827A315E}.Debug|Any CPU.Build.0 = Debug|Any CPU
		{48EB44C6-6258-4177-B588-34BC827A315E}.Release|Any CPU.ActiveCfg = Release|Any CPU
		{48EB44C6-6258-4177-B588-34BC827A315E}.Release|Any CPU.Build.0 = Release|Any CPU
	EndGlobalSection
	GlobalSection(SolutionProperties) = preSolution
		HideSolutionNode = FALSE
	EndGlobalSection
	GlobalSection(NestedProjects) = preSolution
		{48EB44C6-6258-4177-B588-34BC827A315E} = {ADC10EB6-A0AB-4BBE-9083-4889BA4EDB3C}
	EndGlobalSection
	GlobalSection(ExtensibilityGlobals) = postSolution
		SolutionGuid = {640ABC1B-74FE-4A40-852A-0B3F48A5B040}
	EndGlobalSection
EndGlobal
